// !$*UTF8*$!
{
	archiveVersion = 1;
	classes = {
	};
	objectVersion = 46;
	objects = {

/* Begin PBXBuildFile section */
		834F18F81A3212150008E8C8 /* main.m in Sources */ = {isa = PBXBuildFile; fileRef = 834F18F71A3212150008E8C8 /* main.m */; };
		834F18FB1A3212150008E8C8 /* AppDelegate.m in Sources */ = {isa = PBXBuildFile; fileRef = 834F18FA1A3212150008E8C8 /* AppDelegate.m */; };
		834F18FE1A3212150008E8C8 /* ViewController.m in Sources */ = {isa = PBXBuildFile; fileRef = 834F18FD1A3212150008E8C8 /* ViewController.m */; };
		834F19011A3212150008E8C8 /* Main.storyboard in Resources */ = {isa = PBXBuildFile; fileRef = 834F18FF1A3212150008E8C8 /* Main.storyboard */; };
		834F19031A3212150008E8C8 /* Images.xcassets in Resources */ = {isa = PBXBuildFile; fileRef = 834F19021A3212150008E8C8 /* Images.xcassets */; };
		834F19061A3212150008E8C8 /* LaunchScreen.xib in Resources */ = {isa = PBXBuildFile; fileRef = 834F19041A3212150008E8C8 /* LaunchScreen.xib */; };
		834F19121A3212150008E8C8 /* HelloWorldTests.m in Sources */ = {isa = PBXBuildFile; fileRef = 834F19111A3212150008E8C8 /* HelloWorldTests.m */; };
/* End PBXBuildFile section */

/* Begin PBXContainerItemProxy section */
		834F190C1A3212150008E8C8 /* PBXContainerItemProxy */ = {
			isa = PBXContainerItemProxy;
			containerPortal = 834F18EA1A3212150008E8C8 /* Project object */;
			proxyType = 1;
			remoteGlobalIDString = 834F18F11A3212150008E8C8;
			remoteInfo = HelloWorld;
		};
/* End PBXContainerItemProxy section */

/* Begin PBXFileReference section */
		834F18F21A3212150008E8C8 /* HelloWorld.app */ = {isa = PBXFileReference; explicitFileType = wrapper.application; includeInIndex = 0; path = HelloWorld.app; sourceTree = BUILT_PRODUCTS_DIR; };
		834F18F61A3212150008E8C8 /* Info.plist */ = {isa = PBXFileReference; lastKnownFileType = text.plist.xml; path = Info.plist; sourceTree = "<group>"; };
		834F18F71A3212150008E8C8 /* main.m */ = {isa = PBXFileReference; lastKnownFileType = sourcecode.c.objc; path = main.m; sourceTree = "<group>"; };
		834F18F91A3212150008E8C8 /* AppDelegate.h */ = {isa = PBXFileReference; lastKnownFileType = sourcecode.c.h; path = AppDelegate.h; sourceTree = "<group>"; };
		834F18FA1A3212150008E8C8 /* AppDelegate.m */ = {isa = PBXFileReference; lastKnownFileType = sourcecode.c.objc; path = AppDelegate.m; sourceTree = "<group>"; };
		834F18FC1A3212150008E8C8 /* ViewController.h */ = {isa = PBXFileReference; lastKnownFileType = sourcecode.c.h; path = ViewController.h; sourceTree = "<group>"; };
		834F18FD1A3212150008E8C8 /* ViewController.m */ = {isa = PBXFileReference; lastKnownFileType = sourcecode.c.objc; path = ViewController.m; sourceTree = "<group>"; };
		834F19001A3212150008E8C8 /* Base */ = {isa = PBXFileReference; lastKnownFileType = file.storyboard; name = Base; path = Base.lproj/Main.storyboard; sourceTree = "<group>"; };
		834F19021A3212150008E8C8 /* Images.xcassets */ = {isa = PBXFileReference; lastKnownFileType = folder.assetcatalog; path = Images.xcassets; sourceTree = "<group>"; };
		834F19051A3212150008E8C8 /* Base */ = {isa = PBXFileReference; lastKnownFileType = file.xib; name = Base; path = Base.lproj/LaunchScreen.xib; sourceTree = "<group>"; };
		834F190B1A3212150008E8C8 /* HelloWorldTests.xctest */ = {isa = PBXFileReference; explicitFileType = wrapper.cfbundle; includeInIndex = 0; path = HelloWorldTests.xctest; sourceTree = BUILT_PRODUCTS_DIR; };
		834F19101A3212150008E8C8 /* Info.plist */ = {isa = PBXFileReference; lastKnownFileType = text.plist.xml; path = Info.plist; sourceTree = "<group>"; };
		834F19111A3212150008E8C8 /* HelloWorldTests.m */ = {isa = PBXFileReference; lastKnownFileType = sourcecode.c.objc; path = HelloWorldTests.m; sourceTree = "<group>"; };
/* End PBXFileReference section */

/* Begin PBXFrameworksBuildPhase section */
		834F18EF1A3212150008E8C8 /* Frameworks */ = {
			isa = PBXFrameworksBuildPhase;
			buildActionMask = 2147483647;
			files = (
			);
			runOnlyForDeploymentPostprocessing = 0;
		};
		834F19081A3212150008E8C8 /* Frameworks */ = {
			isa = PBXFrameworksBuildPhase;
			buildActionMask = 2147483647;
			files = (
			);
			runOnlyForDeploymentPostprocessing = 0;
		};
/* End PBXFrameworksBuildPhase section */

/* Begin PBXGroup section */
		834F18E91A3212150008E8C8 = {
			isa = PBXGroup;
			children = (
				834F18F41A3212150008E8C8 /* HelloWorld */,
				834F190E1A3212150008E8C8 /* HelloWorldTests */,
				834F18F31A3212150008E8C8 /* Products */,
			);
			sourceTree = "<group>";
		};
		834F18F31A3212150008E8C8 /* Products */ = {
			isa = PBXGroup;
			children = (
				834F18F21A3212150008E8C8 /* HelloWorld.app */,
				834F190B1A3212150008E8C8 /* HelloWorldTests.xctest */,
			);
			name = Products;
			sourceTree = "<group>";
		};
		834F18F41A3212150008E8C8 /* HelloWorld */ = {
			isa = PBXGroup;
			children = (
				834F18F91A3212150008E8C8 /* AppDelegate.h */,
				834F18FA1A3212150008E8C8 /* AppDelegate.m */,
				834F18FC1A3212150008E8C8 /* ViewController.h */,
				834F18FD1A3212150008E8C8 /* ViewController.m */,
				834F18FF1A3212150008E8C8 /* Main.storyboard */,
				834F19021A3212150008E8C8 /* Images.xcassets */,
				834F19041A3212150008E8C8 /* LaunchScreen.xib */,
				834F18F51A3212150008E8C8 /* Supporting Files */,
			);
			path = HelloWorld;
			sourceTree = "<group>";
		};
		834F18F51A3212150008E8C8 /* Supporting Files */ = {
			isa = PBXGroup;
			children = (
				834F18F61A3212150008E8C8 /* Info.plist */,
				834F18F71A3212150008E8C8 /* main.m */,
			);
			name = "Supporting Files";
			sourceTree = "<group>";
		};
		834F190E1A3212150008E8C8 /* HelloWorldTests */ = {
			isa = PBXGroup;
			children = (
				834F19111A3212150008E8C8 /* HelloWorldTests.m */,
				834F190F1A3212150008E8C8 /* Supporting Files */,
			);
			path = HelloWorldTests;
			sourceTree = "<group>";
		};
		834F190F1A3212150008E8C8 /* Supporting Files */ = {
			isa = PBXGroup;
			children = (
				834F19101A3212150008E8C8 /* Info.plist */,
			);
			name = "Supporting Files";
			sourceTree = "<group>";
		};
/* End PBXGroup section */

/* Begin PBXNativeTarget section */
		834F18F11A3212150008E8C8 /* HelloWorld */ = {
			isa = PBXNativeTarget;
			buildConfigurationList = 834F19151A3212150008E8C8 /* Build configuration list for PBXNativeTarget "HelloWorld" */;
			buildPhases = (
				834F18EE1A3212150008E8C8 /* Sources */,
				834F18EF1A3212150008E8C8 /* Frameworks */,
				834F18F01A3212150008E8C8 /* Resources */,
			);
			buildRules = (
			);
			dependencies = (
			);
			name = HelloWorld;
			productName = HelloWorld;
			productReference = 834F18F21A3212150008E8C8 /* HelloWorld.app */;
			productType = "com.apple.product-type.application";
		};
		834F190A1A3212150008E8C8 /* HelloWorldTests */ = {
			isa = PBXNativeTarget;
			buildConfigurationList = 834F19181A3212150008E8C8 /* Build configuration list for PBXNativeTarget "HelloWorldTests" */;
			buildPhases = (
				834F19071A3212150008E8C8 /* Sources */,
				834F19081A3212150008E8C8 /* Frameworks */,
				834F19091A3212150008E8C8 /* Resources */,
			);
			buildRules = (
			);
			dependencies = (
				834F190D1A3212150008E8C8 /* PBXTargetDependency */,
			);
			name = HelloWorldTests;
			productName = HelloWorldTests;
			productReference = 834F190B1A3212150008E8C8 /* HelloWorldTests.xctest */;
			productType = "com.apple.product-type.bundle.unit-test";
		};
/* End PBXNativeTarget section */

/* Begin PBXProject section */
		834F18EA1A3212150008E8C8 /* Project object */ = {
			isa = PBXProject;
			attributes = {
				LastUpgradeCheck = 0610;
				ORGANIZATIONNAME = HitsvilleDevelopment;
				TargetAttributes = {
					834F18F11A3212150008E8C8 = {
						CreatedOnToolsVersion = 6.1;
					};
					834F190A1A3212150008E8C8 = {
						CreatedOnToolsVersion = 6.1;
						TestTargetID = 834F18F11A3212150008E8C8;
					};
				};
			};
			buildConfigurationList = 834F18ED1A3212150008E8C8 /* Build configuration list for PBXProject "HelloWorld" */;
			compatibilityVersion = "Xcode 3.2";
			developmentRegion = English;
			hasScannedForEncodings = 0;
			knownRegions = (
				en,
				Base,
			);
			mainGroup = 834F18E91A3212150008E8C8;
			productRefGroup = 834F18F31A3212150008E8C8 /* Products */;
			projectDirPath = "";
			projectRoot = "";
			targets = (
				834F18F11A3212150008E8C8 /* HelloWorld */,
				834F190A1A3212150008E8C8 /* HelloWorldTests */,
			);
		};
/* End PBXProject section */

/* Begin PBXResourcesBuildPhase section */
		834F18F01A3212150008E8C8 /* Resources */ = {
			isa = PBXResourcesBuildPhase;
			buildActionMask = 2147483647;
			files = (
				834F19011A3212150008E8C8 /* Main.storyboard in Resources */,
				834F19061A3212150008E8C8 /* LaunchScreen.xib in Resources */,
				834F19031A3212150008E8C8 /* Images.xcassets in Resources */,
			);
			runOnlyForDeploymentPostprocessing = 0;
		};
		834F19091A3212150008E8C8 /* Resources */ = {
			isa = PBXResourcesBuildPhase;
			buildActionMask = 2147483647;
			files = (
			);
			runOnlyForDeploymentPostprocessing = 0;
		};
/* End PBXResourcesBuildPhase section */

/* Begin PBXSourcesBuildPhase section */
		834F18EE1A3212150008E8C8 /* Sources */ = {
			isa = PBXSourcesBuildPhase;
			buildActionMask = 2147483647;
			files = (
				834F18FE1A3212150008E8C8 /* ViewController.m in Sources */,
				834F18FB1A3212150008E8C8 /* AppDelegate.m in Sources */,
				834F18F81A3212150008E8C8 /* main.m in Sources */,
			);
			runOnlyForDeploymentPostprocessing = 0;
		};
		834F19071A3212150008E8C8 /* Sources */ = {
			isa = PBXSourcesBuildPhase;
			buildActionMask = 2147483647;
			files = (
				834F19121A3212150008E8C8 /* HelloWorldTests.m in Sources */,
			);
			runOnlyForDeploymentPostprocessing = 0;
		};
/* End PBXSourcesBuildPhase section */

/* Begin PBXTargetDependency section */
		834F190D1A3212150008E8C8 /* PBXTargetDependency */ = {
			isa = PBXTargetDependency;
			target = 834F18F11A3212150008E8C8 /* HelloWorld */;
			targetProxy = 834F190C1A3212150008E8C8 /* PBXContainerItemProxy */;
		};
/* End PBXTargetDependency section */

/* Begin PBXVariantGroup section */
		834F18FF1A3212150008E8C8 /* Main.storyboard */ = {
			isa = PBXVariantGroup;
			children = (
				834F19001A3212150008E8C8 /* Base */,
			);
			name = Main.storyboard;
			sourceTree = "<group>";
		};
		834F19041A3212150008E8C8 /* LaunchScreen.xib */ = {
			isa = PBXVariantGroup;
			children = (
				834F19051A3212150008E8C8 /* Base */,
			);
			name = LaunchScreen.xib;
			sourceTree = "<group>";
		};
/* End PBXVariantGroup section */

/* Begin XCBuildConfiguration section */
		834F19131A3212150008E8C8 /* Debug */ = {
			isa = XCBuildConfiguration;
			buildSettings = {
				ALWAYS_SEARCH_USER_PATHS = NO;
				CLANG_CXX_LANGUAGE_STANDARD = "gnu++0x";
				CLANG_CXX_LIBRARY = "libc++";
				CLANG_ENABLE_MODULES = YES;
				CLANG_ENABLE_OBJC_ARC = YES;
				CLANG_WARN_BOOL_CONVERSION = YES;
				CLANG_WARN_CONSTANT_CONVERSION = YES;
				CLANG_WARN_DIRECT_OBJC_ISA_USAGE = YES_ERROR;
				CLANG_WARN_EMPTY_BODY = YES;
				CLANG_WARN_ENUM_CONVERSION = YES;
				CLANG_WARN_INT_CONVERSION = YES;
				CLANG_WARN_OBJC_ROOT_CLASS = YES_ERROR;
				CLANG_WARN_UNREACHABLE_CODE = YES;
				CLANG_WARN__DUPLICATE_METHOD_MATCH = YES;
				"CODE_SIGN_IDENTITY[sdk=iphoneos*]" = "iPhone Developer";
				COPY_PHASE_STRIP = NO;
				ENABLE_STRICT_OBJC_MSGSEND = YES;
				GCC_C_LANGUAGE_STANDARD = gnu99;
				GCC_DYNAMIC_NO_PIC = NO;
				GCC_OPTIMIZATION_LEVEL = 0;
				GCC_PREPROCESSOR_DEFINITIONS = (
					"DEBUG=1",
					"$(inherited)",
				);
				GCC_SYMBOLS_PRIVATE_EXTERN = NO;
				GCC_WARN_64_TO_32_BIT_CONVERSION = YES;
				GCC_WARN_ABOUT_RETURN_TYPE = YES_ERROR;
				GCC_WARN_UNDECLARED_SELECTOR = YES;
				GCC_WARN_UNINITIALIZED_AUTOS = YES_AGGRESSIVE;
				GCC_WARN_UNUSED_FUNCTION = YES;
				GCC_WARN_UNUSED_VARIABLE = YES;
				IPHONEOS_DEPLOYMENT_TARGET = 8.1;
				MTL_ENABLE_DEBUG_INFO = YES;
				ONLY_ACTIVE_ARCH = YES;
				SDKROOT = iphoneos;
			};
			name = Debug;
		};
		834F19141A3212150008E8C8 /* Release */ = {
			isa = XCBuildConfiguration;
			buildSettings = {
				ALWAYS_SEARCH_USER_PATHS = NO;
				CLANG_CXX_LANGUAGE_STANDARD = "gnu++0x";
				CLANG_CXX_LIBRARY = "libc++";
				CLANG_ENABLE_MODULES = YES;
				CLANG_ENABLE_OBJC_ARC = YES;
				CLANG_WARN_BOOL_CONVERSION = YES;
				CLANG_WARN_CONSTANT_CONVERSION = YES;
				CLANG_WARN_DIRECT_OBJC_ISA_USAGE = YES_ERROR;
				CLANG_WARN_EMPTY_BODY = YES;
				CLANG_WARN_ENUM_CONVERSION = YES;
				CLANG_WARN_INT_CONVERSION = YES;
				CLANG_WARN_OBJC_ROOT_CLASS = YES_ERROR;
				CLANG_WARN_UNREACHABLE_CODE = YES;
				CLANG_WARN__DUPLICATE_METHOD_MATCH = YES;
				"CODE_SIGN_IDENTITY[sdk=iphoneos*]" = "iPhone Developer";
				COPY_PHASE_STRIP = YES;
				ENABLE_NS_ASSERTIONS = NO;
				ENABLE_STRICT_OBJC_MSGSEND = YES;
				GCC_C_LANGUAGE_STANDARD = gnu99;
				GCC_WARN_64_TO_32_BIT_CONVERSION = YES;
				GCC_WARN_ABOUT_RETURN_TYPE = YES_ERROR;
				GCC_WARN_UNDECLARED_SELECTOR = YES;
				GCC_WARN_UNINITIALIZED_AUTOS = YES_AGGRESSIVE;
				GCC_WARN_UNUSED_FUNCTION = YES;
				GCC_WARN_UNUSED_VARIABLE = YES;
				IPHONEOS_DEPLOYMENT_TARGET = 8.1;
				MTL_ENABLE_DEBUG_INFO = NO;
				SDKROOT = iphoneos;
				VALIDATE_PRODUCT = YES;
			};
			name = Release;
		};
		834F19161A3212150008E8C8 /* Debug */ = {
			isa = XCBuildConfiguration;
			buildSettings = {
				ASSETCATALOG_COMPILER_APPICON_NAME = AppIcon;
				INFOPLIST_FILE = HelloWorld/Info.plist;
				LD_RUNPATH_SEARCH_PATHS = "$(inherited) @executable_path/Frameworks";
				PRODUCT_NAME = "$(TARGET_NAME)";
			};
			name = Debug;
		};
		834F19171A3212150008E8C8 /* Release */ = {
			isa = XCBuildConfiguration;
			buildSettings = {
				ASSETCATALOG_COMPILER_APPICON_NAME = AppIcon;
				INFOPLIST_FILE = HelloWorld/Info.plist;
				LD_RUNPATH_SEARCH_PATHS = "$(inherited) @executable_path/Frameworks";
				PRODUCT_NAME = "$(TARGET_NAME)";
			};
			name = Release;
		};
		834F19191A3212150008E8C8 /* Debug */ = {
			isa = XCBuildConfiguration;
			buildSettings = {
				BUNDLE_LOADER = "$(TEST_HOST)";
				FRAMEWORK_SEARCH_PATHS = (
					"$(SDKROOT)/Developer/Library/Frameworks",
					"$(inherited)",
				);
				GCC_PREPROCESSOR_DEFINITIONS = (
					"DEBUG=1",
					"$(inherited)",
				);
				INFOPLIST_FILE = HelloWorldTests/Info.plist;
				LD_RUNPATH_SEARCH_PATHS = "$(inherited) @executable_path/Frameworks @loader_path/Frameworks";
				PRODUCT_NAME = "$(TARGET_NAME)";
				TEST_HOST = "$(BUILT_PRODUCTS_DIR)/HelloWorld.app/HelloWorld";
			};
			name = Debug;
		};
		834F191A1A3212150008E8C8 /* Release */ = {
			isa = XCBuildConfiguration;
			buildSettings = {
				BUNDLE_LOADER = "$(TEST_HOST)";
				FRAMEWORK_SEARCH_PATHS = (
					"$(SDKROOT)/Developer/Library/Frameworks",
					"$(inherited)",
				);
				INFOPLIST_FILE = HelloWorldTests/Info.plist;
				LD_RUNPATH_SEARCH_PATHS = "$(inherited) @executable_path/Frameworks @loader_path/Frameworks";
				PRODUCT_NAME = "$(TARGET_NAME)";
				TEST_HOST = "$(BUILT_PRODUCTS_DIR)/HelloWorld.app/HelloWorld";
			};
			name = Release;
		};
/* End XCBuildConfiguration section */

/* Begin XCConfigurationList section */
		834F18ED1A3212150008E8C8 /* Build configuration list for PBXProject "HelloWorld" */ = {
			isa = XCConfigurationList;
			buildConfigurations = (
				834F19131A3212150008E8C8 /* Debug */,
				834F19141A3212150008E8C8 /* Release */,
			);
			defaultConfigurationIsVisible = 0;
			defaultConfigurationName = Release;
		};
		834F19151A3212150008E8C8 /* Build configuration list for PBXNativeTarget "HelloWorld" */ = {
			isa = XCConfigurationList;
			buildConfigurations = (
				834F19161A3212150008E8C8 /* Debug */,
				834F19171A3212150008E8C8 /* Release */,
			);
			defaultConfigurationIsVisible = 0;
		};
		834F19181A3212150008E8C8 /* Build configuration list for PBXNativeTarget "HelloWorldTests" */ = {
			isa = XCConfigurationList;
			buildConfigurations = (
				834F19191A3212150008E8C8 /* Debug */,
				834F191A1A3212150008E8C8 /* Release */,
			);
			defaultConfigurationIsVisible = 0;
		};
/* End XCConfigurationList section */
	};
	rootObject = 834F18EA1A3212150008E8C8 /* Project object */;
}
